
Microsoft Visual Studio Solution File, Format Version 12.00
# Visual Studio 15
VisualStudioVersion = 15.0.27703.2042
MinimumVisualStudioVersion = 10.0.40219.1
Project("{F184B08F-C81C-45F6-A57F-5ABD9991F28F}") = "Le_Sandy_Assignment4", "Le_Sandy_Assignment4\Le_Sandy_Assignment4.vbproj", "{66041796-9D34-4AAD-8609-F7A69653815D}"
EndProject
Global
	GlobalSection(SolutionConfigurationPlatforms) = preSolution
		Debug|Any CPU = Debug|Any CPU
		Release|Any CPU = Release|Any CPU
	EndGlobalSection
	GlobalSection(ProjectConfigurationPlatforms) = postSolution
		{66041796-9D34-4AAD-8609-F7A69653815D}.Debug|Any CPU.ActiveCfg = Debug|Any CPU
		{66041796-9D34-4AAD-8609-F7A69653815D}.Debug|Any CPU.Build.0 = Debug|Any CPU
		{66041796-9D34-4AAD-8609-F7A69653815D}.Release|Any CPU.ActiveCfg = Release|Any CPU
		{66041796-9D34-4AAD-8609-F7A69653815D}.Release|Any CPU.Build.0 = Release|Any CPU
	EndGlobalSection
	GlobalSection(SolutionProperties) = preSolution
		HideSolutionNode = FALSE
	EndGlobalSection
	GlobalSection(ExtensibilityGlobals) = postSolution
		SolutionGuid = {6122192E-1D4E-416F-A60A-BA2424CF7C02}
	EndGlobalSection
EndGlobal
